// !$*UTF8*$!
{
	archiveVersion = 1;
	classes = {
	};
	objectVersion = 46;
	objects = {

/* Begin PBXBuildFile section */
		18CFAA351C5F29580075A93B /* AppDelegate.swift in Sources */ = {isa = PBXBuildFile; fileRef = 18CFAA341C5F29580075A93B /* AppDelegate.swift */; };
		18CFAA371C5F29580075A93B /* ViewController.swift in Sources */ = {isa = PBXBuildFile; fileRef = 18CFAA361C5F29580075A93B /* ViewController.swift */; };
		18CFAA3A1C5F29580075A93B /* Main.storyboard in Resources */ = {isa = PBXBuildFile; fileRef = 18CFAA381C5F29580075A93B /* Main.storyboard */; };
		18CFAA3C1C5F29580075A93B /* Assets.xcassets in Resources */ = {isa = PBXBuildFile; fileRef = 18CFAA3B1C5F29580075A93B /* Assets.xcassets */; };
		18CFAA3F1C5F29580075A93B /* LaunchScreen.storyboard in Resources */ = {isa = PBXBuildFile; fileRef = 18CFAA3D1C5F29580075A93B /* LaunchScreen.storyboard */; };
		18CFAA4A1C5F29590075A93B /* AnimationPigTests.swift in Sources */ = {isa = PBXBuildFile; fileRef = 18CFAA491C5F29590075A93B /* AnimationPigTests.swift */; };
		18CFAA551C5F29590075A93B /* AnimationPigUITests.swift in Sources */ = {isa = PBXBuildFile; fileRef = 18CFAA541C5F29590075A93B /* AnimationPigUITests.swift */; };
/* End PBXBuildFile section */

/* Begin PBXContainerItemProxy section */
		18CFAA461C5F29580075A93B /* PBXContainerItemProxy */ = {
			isa = PBXContainerItemProxy;
			containerPortal = 18CFAA291C5F29580075A93B /* Project object */;
			proxyType = 1;
			remoteGlobalIDString = 18CFAA301C5F29580075A93B;
			remoteInfo = AnimationPig;
		};
		18CFAA511C5F29590075A93B /* PBXContainerItemProxy */ = {
			isa = PBXContainerItemProxy;
			containerPortal = 18CFAA291C5F29580075A93B /* Project object */;
			proxyType = 1;
			remoteGlobalIDString = 18CFAA301C5F29580075A93B;
			remoteInfo = AnimationPig;
		};
/* End PBXContainerItemProxy section */

/* Begin PBXFileReference section */
		18CFAA311C5F29580075A93B /* AnimationPig.app */ = {isa = PBXFileReference; explicitFileType = wrapper.application; includeInIndex = 0; path = AnimationPig.app; sourceTree = BUILT_PRODUCTS_DIR; };
		18CFAA341C5F29580075A93B /* AppDelegate.swift */ = {isa = PBXFileReference; lastKnownFileType = sourcecode.swift; path = AppDelegate.swift; sourceTree = "<group>"; };
		18CFAA361C5F29580075A93B /* ViewController.swift */ = {isa = PBXFileReference; lastKnownFileType = sourcecode.swift; path = ViewController.swift; sourceTree = "<group>"; };
		18CFAA391C5F29580075A93B /* Base */ = {isa = PBXFileReference; lastKnownFileType = file.storyboard; name = Base; path = Base.lproj/Main.storyboard; sourceTree = "<group>"; };
		18CFAA3B1C5F29580075A93B /* Assets.xcassets */ = {isa = PBXFileReference; lastKnownFileType = folder.assetcatalog; path = Assets.xcassets; sourceTree = "<group>"; };
		18CFAA3E1C5F29580075A93B /* Base */ = {isa = PBXFileReference; lastKnownFileType = file.storyboard; name = Base; path = Base.lproj/LaunchScreen.storyboard; sourceTree = "<group>"; };
		18CFAA401C5F29580075A93B /* Info.plist */ = {isa = PBXFileReference; lastKnownFileType = text.plist.xml; path = Info.plist; sourceTree = "<group>"; };
		18CFAA451C5F29580075A93B /* AnimationPigTests.xctest */ = {isa = PBXFileReference; explicitFileType = wrapper.cfbundle; includeInIndex = 0; path = AnimationPigTests.xctest; sourceTree = BUILT_PRODUCTS_DIR; };
		18CFAA491C5F29590075A93B /* AnimationPigTests.swift */ = {isa = PBXFileReference; lastKnownFileType = sourcecode.swift; path = AnimationPigTests.swift; sourceTree = "<group>"; };
		18CFAA4B1C5F29590075A93B /* Info.plist */ = {isa = PBXFileReference; lastKnownFileType = text.plist.xml; path = Info.plist; sourceTree = "<group>"; };
		18CFAA501C5F29590075A93B /* AnimationPigUITests.xctest */ = {isa = PBXFileReference; explicitFileType = wrapper.cfbundle; includeInIndex = 0; path = AnimationPigUITests.xctest; sourceTree = BUILT_PRODUCTS_DIR; };
		18CFAA541C5F29590075A93B /* AnimationPigUITests.swift */ = {isa = PBXFileReference; lastKnownFileType = sourcecode.swift; path = AnimationPigUITests.swift; sourceTree = "<group>"; };
		18CFAA561C5F29590075A93B /* Info.plist */ = {isa = PBXFileReference; lastKnownFileType = text.plist.xml; path = Info.plist; sourceTree = "<group>"; };
/* End PBXFileReference section */

/* Begin PBXFrameworksBuildPhase section */
		18CFAA2E1C5F29580075A93B /* Frameworks */ = {
			isa = PBXFrameworksBuildPhase;
			buildActionMask = 2147483647;
			files = (
			);
			runOnlyForDeploymentPostprocessing = 0;
		};
		18CFAA421C5F29580075A93B /* Frameworks */ = {
			isa = PBXFrameworksBuildPhase;
			buildActionMask = 2147483647;
			files = (
			);
			runOnlyForDeploymentPostprocessing = 0;
		};
		18CFAA4D1C5F29590075A93B /* Frameworks */ = {
			isa = PBXFrameworksBuildPhase;
			buildActionMask = 2147483647;
			files = (
			);
			runOnlyForDeploymentPostprocessing = 0;
		};
/* End PBXFrameworksBuildPhase section */

/* Begin PBXGroup section */
		18CFAA281C5F29580075A93B = {
			isa = PBXGroup;
			children = (
				18CFAA331C5F29580075A93B /* AnimationPig */,
				18CFAA481C5F29580075A93B /* AnimationPigTests */,
				18CFAA531C5F29590075A93B /* AnimationPigUITests */,
				18CFAA321C5F29580075A93B /* Products */,
			);
			sourceTree = "<group>";
		};
		18CFAA321C5F29580075A93B /* Products */ = {
			isa = PBXGroup;
			children = (
				18CFAA311C5F29580075A93B /* AnimationPig.app */,
				18CFAA451C5F29580075A93B /* AnimationPigTests.xctest */,
				18CFAA501C5F29590075A93B /* AnimationPigUITests.xctest */,
			);
			name = Products;
			sourceTree = "<group>";
		};
		18CFAA331C5F29580075A93B /* AnimationPig */ = {
			isa = PBXGroup;
			children = (
				18CFAA341C5F29580075A93B /* AppDelegate.swift */,
				18CFAA361C5F29580075A93B /* ViewController.swift */,
				18CFAA381C5F29580075A93B /* Main.storyboard */,
				18CFAA3B1C5F29580075A93B /* Assets.xcassets */,
				18CFAA3D1C5F29580075A93B /* LaunchScreen.storyboard */,
				18CFAA401C5F29580075A93B /* Info.plist */,
			);
			path = AnimationPig;
			sourceTree = "<group>";
		};
		18CFAA481C5F29580075A93B /* AnimationPigTests */ = {
			isa = PBXGroup;
			children = (
				18CFAA491C5F29590075A93B /* AnimationPigTests.swift */,
				18CFAA4B1C5F29590075A93B /* Info.plist */,
			);
			path = AnimationPigTests;
			sourceTree = "<group>";
		};
		18CFAA531C5F29590075A93B /* AnimationPigUITests */ = {
			isa = PBXGroup;
			children = (
				18CFAA541C5F29590075A93B /* AnimationPigUITests.swift */,
				18CFAA561C5F29590075A93B /* Info.plist */,
			);
			path = AnimationPigUITests;
			sourceTree = "<group>";
		};
/* End PBXGroup section */

/* Begin PBXNativeTarget section */
		18CFAA301C5F29580075A93B /* AnimationPig */ = {
			isa = PBXNativeTarget;
			buildConfigurationList = 18CFAA591C5F29590075A93B /* Build configuration list for PBXNativeTarget "AnimationPig" */;
			buildPhases = (
				18CFAA2D1C5F29580075A93B /* Sources */,
				18CFAA2E1C5F29580075A93B /* Frameworks */,
				18CFAA2F1C5F29580075A93B /* Resources */,
			);
			buildRules = (
			);
			dependencies = (
			);
			name = AnimationPig;
			productName = AnimationPig;
			productReference = 18CFAA311C5F29580075A93B /* AnimationPig.app */;
			productType = "com.apple.product-type.application";
		};
		18CFAA441C5F29580075A93B /* AnimationPigTests */ = {
			isa = PBXNativeTarget;
			buildConfigurationList = 18CFAA5C1C5F29590075A93B /* Build configuration list for PBXNativeTarget "AnimationPigTests" */;
			buildPhases = (
				18CFAA411C5F29580075A93B /* Sources */,
				18CFAA421C5F29580075A93B /* Frameworks */,
				18CFAA431C5F29580075A93B /* Resources */,
			);
			buildRules = (
			);
			dependencies = (
				18CFAA471C5F29580075A93B /* PBXTargetDependency */,
			);
			name = AnimationPigTests;
			productName = AnimationPigTests;
			productReference = 18CFAA451C5F29580075A93B /* AnimationPigTests.xctest */;
			productType = "com.apple.product-type.bundle.unit-test";
		};
		18CFAA4F1C5F29590075A93B /* AnimationPigUITests */ = {
			isa = PBXNativeTarget;
			buildConfigurationList = 18CFAA5F1C5F29590075A93B /* Build configuration list for PBXNativeTarget "AnimationPigUITests" */;
			buildPhases = (
				18CFAA4C1C5F29590075A93B /* Sources */,
				18CFAA4D1C5F29590075A93B /* Frameworks */,
				18CFAA4E1C5F29590075A93B /* Resources */,
			);
			buildRules = (
			);
			dependencies = (
				18CFAA521C5F29590075A93B /* PBXTargetDependency */,
			);
			name = AnimationPigUITests;
			productName = AnimationPigUITests;
			productReference = 18CFAA501C5F29590075A93B /* AnimationPigUITests.xctest */;
			productType = "com.apple.product-type.bundle.ui-testing";
		};
/* End PBXNativeTarget section */

/* Begin PBXProject section */
		18CFAA291C5F29580075A93B /* Project object */ = {
			isa = PBXProject;
			attributes = {
				LastSwiftUpdateCheck = 0720;
				LastUpgradeCheck = 0720;
				ORGANIZATIONNAME = mountor_zj;
				TargetAttributes = {
					18CFAA301C5F29580075A93B = {
						CreatedOnToolsVersion = 7.2;
					};
					18CFAA441C5F29580075A93B = {
						CreatedOnToolsVersion = 7.2;
						TestTargetID = 18CFAA301C5F29580075A93B;
					};
					18CFAA4F1C5F29590075A93B = {
						CreatedOnToolsVersion = 7.2;
						TestTargetID = 18CFAA301C5F29580075A93B;
					};
				};
			};
			buildConfigurationList = 18CFAA2C1C5F29580075A93B /* Build configuration list for PBXProject "AnimationPig" */;
			compatibilityVersion = "Xcode 3.2";
			developmentRegion = English;
			hasScannedForEncodings = 0;
			knownRegions = (
				en,
				Base,
			);
			mainGroup = 18CFAA281C5F29580075A93B;
			productRefGroup = 18CFAA321C5F29580075A93B /* Products */;
			projectDirPath = "";
			projectRoot = "";
			targets = (
				18CFAA301C5F29580075A93B /* AnimationPig */,
				18CFAA441C5F29580075A93B /* AnimationPigTests */,
				18CFAA4F1C5F29590075A93B /* AnimationPigUITests */,
			);
		};
/* End PBXProject section */

/* Begin PBXResourcesBuildPhase section */
		18CFAA2F1C5F29580075A93B /* Resources */ = {
			isa = PBXResourcesBuildPhase;
			buildActionMask = 2147483647;
			files = (
				18CFAA3F1C5F29580075A93B /* LaunchScreen.storyboard in Resources */,
				18CFAA3C1C5F29580075A93B /* Assets.xcassets in Resources */,
				18CFAA3A1C5F29580075A93B /* Main.storyboard in Resources */,
			);
			runOnlyForDeploymentPostprocessing = 0;
		};
		18CFAA431C5F29580075A93B /* Resources */ = {
			isa = PBXResourcesBuildPhase;
			buildActionMask = 2147483647;
			files = (
			);
			runOnlyForDeploymentPostprocessing = 0;
		};
		18CFAA4E1C5F29590075A93B /* Resources */ = {
			isa = PBXResourcesBuildPhase;
			buildActionMask = 2147483647;
			files = (
			);
			runOnlyForDeploymentPostprocessing = 0;
		};
/* End PBXResourcesBuildPhase section */

/* Begin PBXSourcesBuildPhase section */
		18CFAA2D1C5F29580075A93B /* Sources */ = {
			isa = PBXSourcesBuildPhase;
			buildActionMask = 2147483647;
			files = (
				18CFAA371C5F29580075A93B /* ViewController.swift in Sources */,
				18CFAA351C5F29580075A93B /* AppDelegate.swift in Sources */,
			);
			runOnlyForDeploymentPostprocessing = 0;
		};
		18CFAA411C5F29580075A93B /* Sources */ = {
			isa = PBXSourcesBuildPhase;
			buildActionMask = 2147483647;
			files = (
				18CFAA4A1C5F29590075A93B /* AnimationPigTests.swift in Sources */,
			);
			runOnlyForDeploymentPostprocessing = 0;
		};
		18CFAA4C1C5F29590075A93B /* Sources */ = {
			isa = PBXSourcesBuildPhase;
			buildActionMask = 2147483647;
			files = (
				18CFAA551C5F29590075A93B /* AnimationPigUITests.swift in Sources */,
			);
			runOnlyForDeploymentPostprocessing = 0;
		};
/* End PBXSourcesBuildPhase section */

/* Begin PBXTargetDependency section */
		18CFAA471C5F29580075A93B /* PBXTargetDependency */ = {
			isa = PBXTargetDependency;
			target = 18CFAA301C5F29580075A93B /* AnimationPig */;
			targetProxy = 18CFAA461C5F29580075A93B /* PBXContainerItemProxy */;
		};
		18CFAA521C5F29590075A93B /* PBXTargetDependency */ = {
			isa = PBXTargetDependency;
			target = 18CFAA301C5F29580075A93B /* AnimationPig */;
			targetProxy = 18CFAA511C5F29590075A93B /* PBXContainerItemProxy */;
		};
/* End PBXTargetDependency section */

/* Begin PBXVariantGroup section */
		18CFAA381C5F29580075A93B /* Main.storyboard */ = {
			isa = PBXVariantGroup;
			children = (
				18CFAA391C5F29580075A93B /* Base */,
			);
			name = Main.storyboard;
			sourceTree = "<group>";
		};
		18CFAA3D1C5F29580075A93B /* LaunchScreen.storyboard */ = {
			isa = PBXVariantGroup;
			children = (
				18CFAA3E1C5F29580075A93B /* Base */,
			);
			name = LaunchScreen.storyboard;
			sourceTree = "<group>";
		};
/* End PBXVariantGroup section */

/* Begin XCBuildConfiguration section */
		18CFAA571C5F29590075A93B /* Debug */ = {
			isa = XCBuildConfiguration;
			buildSettings = {
				ALWAYS_SEARCH_USER_PATHS = NO;
				CLANG_CXX_LANGUAGE_STANDARD = "gnu++0x";
				CLANG_CXX_LIBRARY = "libc++";
				CLANG_ENABLE_MODULES = YES;
				CLANG_ENABLE_OBJC_ARC = YES;
				CLANG_WARN_BOOL_CONVERSION = YES;
				CLANG_WARN_CONSTANT_CONVERSION = YES;
				CLANG_WARN_DIRECT_OBJC_ISA_USAGE = YES_ERROR;
				CLANG_WARN_EMPTY_BODY = YES;
				CLANG_WARN_ENUM_CONVERSION = YES;
				CLANG_WARN_INT_CONVERSION = YES;
				CLANG_WARN_OBJC_ROOT_CLASS = YES_ERROR;
				CLANG_WARN_UNREACHABLE_CODE = YES;
				CLANG_WARN__DUPLICATE_METHOD_MATCH = YES;
				"CODE_SIGN_IDENTITY[sdk=iphoneos*]" = "iPhone Developer";
				COPY_PHASE_STRIP = NO;
				DEBUG_INFORMATION_FORMAT = dwarf;
				ENABLE_STRICT_OBJC_MSGSEND = YES;
				ENABLE_TESTABILITY = YES;
				GCC_C_LANGUAGE_STANDARD = gnu99;
				GCC_DYNAMIC_NO_PIC = NO;
				GCC_NO_COMMON_BLOCKS = YES;
				GCC_OPTIMIZATION_LEVEL = 0;
				GCC_PREPROCESSOR_DEFINITIONS = (
					"DEBUG=1",
					"$(inherited)",
				);
				GCC_WARN_64_TO_32_BIT_CONVERSION = YES;
				GCC_WARN_ABOUT_RETURN_TYPE = YES_ERROR;
				GCC_WARN_UNDECLARED_SELECTOR = YES;
				GCC_WARN_UNINITIALIZED_AUTOS = YES_AGGRESSIVE;
				GCC_WARN_UNUSED_FUNCTION = YES;
				GCC_WARN_UNUSED_VARIABLE = YES;
				IPHONEOS_DEPLOYMENT_TARGET = 9.2;
				MTL_ENABLE_DEBUG_INFO = YES;
				ONLY_ACTIVE_ARCH = YES;
				SDKROOT = iphoneos;
				SWIFT_OPTIMIZATION_LEVEL = "-Onone";
			};
			name = Debug;
		};
		18CFAA581C5F29590075A93B /* Release */ = {
			isa = XCBuildConfiguration;
			buildSettings = {
				ALWAYS_SEARCH_USER_PATHS = NO;
				CLANG_CXX_LANGUAGE_STANDARD = "gnu++0x";
				CLANG_CXX_LIBRARY = "libc++";
				CLANG_ENABLE_MODULES = YES;
				CLANG_ENABLE_OBJC_ARC = YES;
				CLANG_WARN_BOOL_CONVERSION = YES;
				CLANG_WARN_CONSTANT_CONVERSION = YES;
				CLANG_WARN_DIRECT_OBJC_ISA_USAGE = YES_ERROR;
				CLANG_WARN_EMPTY_BODY = YES;
				CLANG_WARN_ENUM_CONVERSION = YES;
				CLANG_WARN_INT_CONVERSION = YES;
				CLANG_WARN_OBJC_ROOT_CLASS = YES_ERROR;
				CLANG_WARN_UNREACHABLE_CODE = YES;
				CLANG_WARN__DUPLICATE_METHOD_MATCH = YES;
				"CODE_SIGN_IDENTITY[sdk=iphoneos*]" = "iPhone Developer";
				COPY_PHASE_STRIP = NO;
				DEBUG_INFORMATION_FORMAT = "dwarf-with-dsym";
				ENABLE_NS_ASSERTIONS = NO;
				ENABLE_STRICT_OBJC_MSGSEND = YES;
				GCC_C_LANGUAGE_STANDARD = gnu99;
				GCC_NO_COMMON_BLOCKS = YES;
				GCC_WARN_64_TO_32_BIT_CONVERSION = YES;
				GCC_WARN_ABOUT_RETURN_TYPE = YES_ERROR;
				GCC_WARN_UNDECLARED_SELECTOR = YES;
				GCC_WARN_UNINITIALIZED_AUTOS = YES_AGGRESSIVE;
				GCC_WARN_UNUSED_FUNCTION = YES;
				GCC_WARN_UNUSED_VARIABLE = YES;
				IPHONEOS_DEPLOYMENT_TARGET = 9.2;
				MTL_ENABLE_DEBUG_INFO = NO;
				SDKROOT = iphoneos;
				VALIDATE_PRODUCT = YES;
			};
			name = Release;
		};
		18CFAA5A1C5F29590075A93B /* Debug */ = {
			isa = XCBuildConfiguration;
			buildSettings = {
				ASSETCATALOG_COMPILER_APPICON_NAME = AppIcon;
				INFOPLIST_FILE = AnimationPig/Info.plist;
				LD_RUNPATH_SEARCH_PATHS = "$(inherited) @executable_path/Frameworks";
				PRODUCT_BUNDLE_IDENTIFIER = com.zjtextDemo.AnimationPig;
				PRODUCT_NAME = "$(TARGET_NAME)";
			};
			name = Debug;
		};
		18CFAA5B1C5F29590075A93B /* Release */ = {
			isa = XCBuildConfiguration;
			buildSettings = {
				ASSETCATALOG_COMPILER_APPICON_NAME = AppIcon;
				INFOPLIST_FILE = AnimationPig/Info.plist;
				LD_RUNPATH_SEARCH_PATHS = "$(inherited) @executable_path/Frameworks";
				PRODUCT_BUNDLE_IDENTIFIER = com.zjtextDemo.AnimationPig;
				PRODUCT_NAME = "$(TARGET_NAME)";
			};
			name = Release;
		};
		18CFAA5D1C5F29590075A93B /* Debug */ = {
			isa = XCBuildConfiguration;
			buildSettings = {
				BUNDLE_LOADER = "$(TEST_HOST)";
				INFOPLIST_FILE = AnimationPigTests/Info.plist;
				LD_RUNPATH_SEARCH_PATHS = "$(inherited) @executable_path/Frameworks @loader_path/Frameworks";
				PRODUCT_BUNDLE_IDENTIFIER = com.zjtextDemo.AnimationPigTests;
				PRODUCT_NAME = "$(TARGET_NAME)";
				TEST_HOST = "$(BUILT_PRODUCTS_DIR)/AnimationPig.app/AnimationPig";
			};
			name = Debug;
		};
		18CFAA5E1C5F29590075A93B /* Release */ = {
			isa = XCBuildConfiguration;
			buildSettings = {
				BUNDLE_LOADER = "$(TEST_HOST)";
				INFOPLIST_FILE = AnimationPigTests/Info.plist;
				LD_RUNPATH_SEARCH_PATHS = "$(inherited) @executable_path/Frameworks @loader_path/Frameworks";
				PRODUCT_BUNDLE_IDENTIFIER = com.zjtextDemo.AnimationPigTests;
				PRODUCT_NAME = "$(TARGET_NAME)";
				TEST_HOST = "$(BUILT_PRODUCTS_DIR)/AnimationPig.app/AnimationPig";
			};
			name = Release;
		};
		18CFAA601C5F29590075A93B /* Debug */ = {
			isa = XCBuildConfiguration;
			buildSettings = {
				INFOPLIST_FILE = AnimationPigUITests/Info.plist;
				LD_RUNPATH_SEARCH_PATHS = "$(inherited) @executable_path/Frameworks @loader_path/Frameworks";
				PRODUCT_BUNDLE_IDENTIFIER = com.zjtextDemo.AnimationPigUITests;
				PRODUCT_NAME = "$(TARGET_NAME)";
				TEST_TARGET_NAME = AnimationPig;
				USES_XCTRUNNER = YES;
			};
			name = Debug;
		};
		18CFAA611C5F29590075A93B /* Release */ = {
			isa = XCBuildConfiguration;
			buildSettings = {
				INFOPLIST_FILE = AnimationPigUITests/Info.plist;
				LD_RUNPATH_SEARCH_PATHS = "$(inherited) @executable_path/Frameworks @loader_path/Frameworks";
				PRODUCT_BUNDLE_IDENTIFIER = com.zjtextDemo.AnimationPigUITests;
				PRODUCT_NAME = "$(TARGET_NAME)";
				TEST_TARGET_NAME = AnimationPig;
				USES_XCTRUNNER = YES;
			};
			name = Release;
		};
/* End XCBuildConfiguration section */

/* Begin XCConfigurationList section */
		18CFAA2C1C5F29580075A93B /* Build configuration list for PBXProject "AnimationPig" */ = {
			isa = XCConfigurationList;
			buildConfigurations = (
				18CFAA571C5F29590075A93B /* Debug */,
				18CFAA581C5F29590075A93B /* Release */,
			);
			defaultConfigurationIsVisible = 0;
			defaultConfigurationName = Release;
		};
		18CFAA591C5F29590075A93B /* Build configuration list for PBXNativeTarget "AnimationPig" */ = {
			isa = XCConfigurationList;
			buildConfigurations = (
				18CFAA5A1C5F29590075A93B /* Debug */,
				18CFAA5B1C5F29590075A93B /* Release */,
			);
			defaultConfigurationIsVisible = 0;
		};
		18CFAA5C1C5F29590075A93B /* Build configuration list for PBXNativeTarget "AnimationPigTests" */ = {
			isa = XCConfigurationList;
			buildConfigurations = (
				18CFAA5D1C5F29590075A93B /* Debug */,
				18CFAA5E1C5F29590075A93B /* Release */,
			);
			defaultConfigurationIsVisible = 0;
		};
		18CFAA5F1C5F29590075A93B /* Build configuration list for PBXNativeTarget "AnimationPigUITests" */ = {
			isa = XCConfigurationList;
			buildConfigurations = (
				18CFAA601C5F29590075A93B /* Debug */,
				18CFAA611C5F29590075A93B /* Release */,
			);
			defaultConfigurationIsVisible = 0;
		};
/* End XCConfigurationList section */
	};
	rootObject = 18CFAA291C5F29580075A93B /* Project object */;
}
